
Microsoft Visual Studio Solution File, Format Version 12.00
# Visual Studio Version 16
VisualStudioVersion = 16.0.32413.511
MinimumVisualStudioVersion = 10.0.40219.1
Project("{FAE04EC0-301F-11D3-BF4B-00C04F79EFBC}") = "NET ININ4_PR1.2 - z3", "NET ININ4_PR1.2 - z3.csproj", "{CE216852-ECD3-449E-9E94-B6795ED2359A}"
EndProject
Global
	GlobalSection(SolutionConfigurationPlatforms) = preSolution
		Debug|Any CPU = Debug|Any CPU
		Release|Any CPU = Release|Any CPU
	EndGlobalSection
	GlobalSection(ProjectConfigurationPlatforms) = postSolution
		{CE216852-ECD3-449E-9E94-B6795ED2359A}.Debug|Any CPU.ActiveCfg = Debug|Any CPU
		{CE216852-ECD3-449E-9E94-B6795ED2359A}.Debug|Any CPU.Build.0 = Debug|Any CPU
		{CE216852-ECD3-449E-9E94-B6795ED2359A}.Release|Any CPU.ActiveCfg = Release|Any CPU
		{CE216852-ECD3-449E-9E94-B6795ED2359A}.Release|Any CPU.Build.0 = Release|Any CPU
	EndGlobalSection
	GlobalSection(SolutionProperties) = preSolution
		HideSolutionNode = FALSE
	EndGlobalSection
	GlobalSection(ExtensibilityGlobals) = postSolution
		SolutionGuid = {2C6EC737-7BDC-4F68-AB8B-E952457084E3}
	EndGlobalSection
EndGlobal
